dependencies:
- name: consul
  repository: https://kubernetes-charts.storage.googleapis.com
  version: 3.4.0
- name: mongodb
  repository: https://kubernetes-charts.storage.googleapis.com
  version: 0.4.18
- name: traefik
  repository: https://kubernetes-charts.storage.googleapis.com
  version: 1.52.2
- name: elasticsearch
  repository: https://kubernetes-charts-incubator.storage.googleapis.com/
  version: 1.8.2
digest: sha256:ce75fc34f4a5877863586c7ba68468b5da38c5d53fd28600e5e19d090425270c
generated: 2018-10-24T11:36:54.933423+02:00
